
Microsoft Visual Studio Solution File, Format Version 12.00
# Visual Studio Version 16
VisualStudioVersion = 16.0.31410.357
MinimumVisualStudioVersion = 10.0.40219.1
Project("{9A19103F-16F7-4668-BE54-9A1E7A4F7556}") = "DictionaryBack.Extractor", "DictExtractor\DictionaryBack.Extractor.csproj", "{9F7FD7FD-ECDC-41AE-8895-2BE36397D594}"
EndProject
Project("{9A19103F-16F7-4668-BE54-9A1E7A4F7556}") = "DictionaryBack.Domain", "DictionaryBack.Domain\DictionaryBack.Domain.csproj", "{1F7AD3AF-8CB2-415C-AA4D-AD537DC24F21}"
EndProject
Project("{9A19103F-16F7-4668-BE54-9A1E7A4F7556}") = "DictionaryBack.API", "DictionaryBack.API\DictionaryBack.API.csproj", "{6DEECEA0-4C3C-4FDE-A514-BEED6636F7CC}"
EndProject
Project("{9A19103F-16F7-4668-BE54-9A1E7A4F7556}") = "DictionaryBack.DAL", "DictionaryBack.DAL\DictionaryBack.DAL.csproj", "{C4D857A9-E8BB-4D13-BD48-9EFE9BB13971}"
EndProject
Project("{9A19103F-16F7-4668-BE54-9A1E7A4F7556}") = "DictionaryBack.BL", "DictionaryBack.BL\DictionaryBack.BL.csproj", "{3CA3CAFB-507F-4696-B7AC-77BFCCC6748A}"
EndProject
Project("{2150E333-8FDC-42A3-9474-1A3956D46DE8}") = "Tests", "Tests", "{A30D57C3-6757-48CA-9803-394C06B964A3}"
EndProject
Project("{9A19103F-16F7-4668-BE54-9A1E7A4F7556}") = "DictionaryBack.Tests", "DictionaryBack.Tests\DictionaryBack.Tests.csproj", "{9B0438E1-F467-4BDF-A9B9-E5FBB0229552}"
EndProject
Project("{9A19103F-16F7-4668-BE54-9A1E7A4F7556}") = "DictionaryBack.Infrastructure", "DictionaryBack.Infrastructure\DictionaryBack.Infrastructure.csproj", "{431FBD97-CE0D-4036-9AB4-7653F203FFE8}"
EndProject
Project("{FAE04EC0-301F-11D3-BF4B-00C04F79EFBC}") = "DictionaryBack.CompositionRoot", "DictionaryBack.CompositionRoot\DictionaryBack.CompositionRoot.csproj", "{D3D6819D-0925-41A1-9738-7D63114C7FB8}"
EndProject
Global
	GlobalSection(SolutionConfigurationPlatforms) = preSolution
		Debug|Any CPU = Debug|Any CPU
		Release|Any CPU = Release|Any CPU
	EndGlobalSection
	GlobalSection(ProjectConfigurationPlatforms) = postSolution
		{9F7FD7FD-ECDC-41AE-8895-2BE36397D594}.Debug|Any CPU.ActiveCfg = Debug|Any CPU
		{9F7FD7FD-ECDC-41AE-8895-2BE36397D594}.Debug|Any CPU.Build.0 = Debug|Any CPU
		{9F7FD7FD-ECDC-41AE-8895-2BE36397D594}.Release|Any CPU.ActiveCfg = Release|Any CPU
		{9F7FD7FD-ECDC-41AE-8895-2BE36397D594}.Release|Any CPU.Build.0 = Release|Any CPU
		{1F7AD3AF-8CB2-415C-AA4D-AD537DC24F21}.Debug|Any CPU.ActiveCfg = Debug|Any CPU
		{1F7AD3AF-8CB2-415C-AA4D-AD537DC24F21}.Debug|Any CPU.Build.0 = Debug|Any CPU
		{1F7AD3AF-8CB2-415C-AA4D-AD537DC24F21}.Release|Any CPU.ActiveCfg = Release|Any CPU
		{1F7AD3AF-8CB2-415C-AA4D-AD537DC24F21}.Release|Any CPU.Build.0 = Release|Any CPU
		{6DEECEA0-4C3C-4FDE-A514-BEED6636F7CC}.Debug|Any CPU.ActiveCfg = Debug|Any CPU
		{6DEECEA0-4C3C-4FDE-A514-BEED6636F7CC}.Debug|Any CPU.Build.0 = Debug|Any CPU
		{6DEECEA0-4C3C-4FDE-A514-BEED6636F7CC}.Release|Any CPU.ActiveCfg = Release|Any CPU
		{6DEECEA0-4C3C-4FDE-A514-BEED6636F7CC}.Release|Any CPU.Build.0 = Release|Any CPU
		{C4D857A9-E8BB-4D13-BD48-9EFE9BB13971}.Debug|Any CPU.ActiveCfg = Debug|Any CPU
		{C4D857A9-E8BB-4D13-BD48-9EFE9BB13971}.Debug|Any CPU.Build.0 = Debug|Any CPU
		{C4D857A9-E8BB-4D13-BD48-9EFE9BB13971}.Release|Any CPU.ActiveCfg = Release|Any CPU
		{C4D857A9-E8BB-4D13-BD48-9EFE9BB13971}.Release|Any CPU.Build.0 = Release|Any CPU
		{3CA3CAFB-507F-4696-B7AC-77BFCCC6748A}.Debug|Any CPU.ActiveCfg = Debug|Any CPU
		{3CA3CAFB-507F-4696-B7AC-77BFCCC6748A}.Debug|Any CPU.Build.0 = Debug|Any CPU
		{3CA3CAFB-507F-4696-B7AC-77BFCCC6748A}.Release|Any CPU.ActiveCfg = Release|Any CPU
		{3CA3CAFB-507F-4696-B7AC-77BFCCC6748A}.Release|Any CPU.Build.0 = Release|Any CPU
		{9B0438E1-F467-4BDF-A9B9-E5FBB0229552}.Debug|Any CPU.ActiveCfg = Debug|Any CPU
		{9B0438E1-F467-4BDF-A9B9-E5FBB0229552}.Debug|Any CPU.Build.0 = Debug|Any CPU
		{9B0438E1-F467-4BDF-A9B9-E5FBB0229552}.Release|Any CPU.ActiveCfg = Release|Any CPU
		{9B0438E1-F467-4BDF-A9B9-E5FBB0229552}.Release|Any CPU.Build.0 = Release|Any CPU
		{431FBD97-CE0D-4036-9AB4-7653F203FFE8}.Debug|Any CPU.ActiveCfg = Debug|Any CPU
		{431FBD97-CE0D-4036-9AB4-7653F203FFE8}.Debug|Any CPU.Build.0 = Debug|Any CPU
		{431FBD97-CE0D-4036-9AB4-7653F203FFE8}.Release|Any CPU.ActiveCfg = Release|Any CPU
		{431FBD97-CE0D-4036-9AB4-7653F203FFE8}.Release|Any CPU.Build.0 = Release|Any CPU
		{D3D6819D-0925-41A1-9738-7D63114C7FB8}.Debug|Any CPU.ActiveCfg = Debug|Any CPU
		{D3D6819D-0925-41A1-9738-7D63114C7FB8}.Debug|Any CPU.Build.0 = Debug|Any CPU
		{D3D6819D-0925-41A1-9738-7D63114C7FB8}.Release|Any CPU.ActiveCfg = Release|Any CPU
		{D3D6819D-0925-41A1-9738-7D63114C7FB8}.Release|Any CPU.Build.0 = Release|Any CPU
	EndGlobalSection
	GlobalSection(SolutionProperties) = preSolution
		HideSolutionNode = FALSE
	EndGlobalSection
	GlobalSection(NestedProjects) = preSolution
		{9B0438E1-F467-4BDF-A9B9-E5FBB0229552} = {A30D57C3-6757-48CA-9803-394C06B964A3}
	EndGlobalSection
	GlobalSection(ExtensibilityGlobals) = postSolution
		SolutionGuid = {AA3A31AD-9406-4979-827A-4C56585F4915}
	EndGlobalSection
EndGlobal
